
Microsoft Visual Studio Solution File, Format Version 12.00
# Visual Studio Version 17
VisualStudioVersion = 17.8.34309.116
MinimumVisualStudioVersion = 10.0.40219.1
Project("{FAE04EC0-301F-11D3-BF4B-00C04F79EFBC}") = "RegistrarFuncionario", "RegistrarFuncionario\RegistrarFuncionario.csproj", "{6127FC76-AD52-403C-93C6-D2D710C52C97}"
EndProject
Global
	GlobalSection(SolutionConfigurationPlatforms) = preSolution
		Debug|Any CPU = Debug|Any CPU
		Release|Any CPU = Release|Any CPU
	EndGlobalSection
	GlobalSection(ProjectConfigurationPlatforms) = postSolution
		{6127FC76-AD52-403C-93C6-D2D710C52C97}.Debug|Any CPU.ActiveCfg = Debug|Any CPU
		{6127FC76-AD52-403C-93C6-D2D710C52C97}.Debug|Any CPU.Build.0 = Debug|Any CPU
		{6127FC76-AD52-403C-93C6-D2D710C52C97}.Release|Any CPU.ActiveCfg = Release|Any CPU
		{6127FC76-AD52-403C-93C6-D2D710C52C97}.Release|Any CPU.Build.0 = Release|Any CPU
	EndGlobalSection
	GlobalSection(SolutionProperties) = preSolution
		HideSolutionNode = FALSE
	EndGlobalSection
	GlobalSection(ExtensibilityGlobals) = postSolution
		SolutionGuid = {C2626D8E-419D-412D-8611-15BBA445D154}
	EndGlobalSection
EndGlobal
